
Microsoft Visual Studio Solution File, Format Version 12.00
# Visual Studio Version 17
VisualStudioVersion = 17.14.36414.22
MinimumVisualStudioVersion = 10.0.40219.1
Project("{2150E333-8FDC-42A3-9474-1A3956D46DE8}") = "Task0", "Task0", "{02EA681E-C7D8-13C7-8484-4AC65E1B71E8}"
EndProject
Project("{FAE04EC0-301F-11D3-BF4B-00C04F79EFBC}") = "Tyuiu.LevakovaAA.Sprint3.Task0.V5", "Tyuiu.LevakovaAA.Sprint3.Task0.V5\Tyuiu.LevakovaAA.Sprint3.Task0.V5.csproj", "{5F646186-413B-47CA-BA8E-C8AF0574A9F7}"
EndProject
Project("{FAE04EC0-301F-11D3-BF4B-00C04F79EFBC}") = "Tyuiu.LevakovaAA.Sprint3.Task0.V5.Test", "Tyuiu.LevakovaAA.Sprint3.Task0.V5.Test\Tyuiu.LevakovaAA.Sprint3.Task0.V5.Test.csproj", "{8444A767-3903-4BF3-8A74-9F1E3EAEF79F}"
EndProject
Project("{FAE04EC0-301F-11D3-BF4B-00C04F79EFBC}") = "Tyuiu.LevakovaAA.Sprint3.Task0.V5.Lib", "Tyuiu.LevakovaAA.Sprint3.Task0.V5.Lib\Tyuiu.LevakovaAA.Sprint3.Task0.V5.Lib.csproj", "{8900FE4B-359D-4068-99AB-ACED0C2C9D19}"
EndProject
Project("{2150E333-8FDC-42A3-9474-1A3956D46DE8}") = "Task1", "Task1", "{DD0695BE-8BC5-4DBD-BB2E-5D821FC3C062}"
EndProject
Project("{FAE04EC0-301F-11D3-BF4B-00C04F79EFBC}") = "Tyuiu.LevakovaAA.Sprint3.Task1.V15", "Tyuiu.LevakovaAA.Sprint3.Task1.V15\Tyuiu.LevakovaAA.Sprint3.Task1.V15.csproj", "{1F53DF4B-428B-4755-B98C-2D5E1D4F36F6}"
EndProject
Project("{FAE04EC0-301F-11D3-BF4B-00C04F79EFBC}") = "Tyuiu.LevakovaAA.Sprint3.Task1.V15.Lib", "Tyuiu.LevakovaAA.Sprint3.Task1.V15.Lib\Tyuiu.LevakovaAA.Sprint3.Task1.V15.Lib.csproj", "{F2044826-ADA9-49ED-BC79-676A034508C3}"
EndProject
Project("{FAE04EC0-301F-11D3-BF4B-00C04F79EFBC}") = "Tyuiu.LevakovaAA.Sprint3.Task1.V15.Test", "Tyuiu.LevakovaAA.Sprint3.Task1.V15.Test\Tyuiu.LevakovaAA.Sprint3.Task1.V15.Test.csproj", "{2F621061-0C1C-4D33-B5FF-C66DF200CE93}"
EndProject
Project("{2150E333-8FDC-42A3-9474-1A3956D46DE8}") = "Task2", "Task2", "{89833042-6611-4800-9869-30831AC72CC4}"
EndProject
Project("{FAE04EC0-301F-11D3-BF4B-00C04F79EFBC}") = "Tyuiu.LevakovaAA.Sprint3.Task2.V25", "Tyuiu.LevakovaAA.Sprint3.Task2.V25\Tyuiu.LevakovaAA.Sprint3.Task2.V25.csproj", "{7AD2D20F-4278-4ACC-BF75-81DD30DA7606}"
EndProject
Project("{FAE04EC0-301F-11D3-BF4B-00C04F79EFBC}") = "Tyuiu.LevakovaAA.Sprint3.Task2.V25.Test", "Tyuiu.LevakovaAA.Sprint3.Task2.V25.Test\Tyuiu.LevakovaAA.Sprint3.Task2.V25.Test.csproj", "{246B9DDF-98B5-4BF6-9770-20CE52E7493B}"
EndProject
Project("{FAE04EC0-301F-11D3-BF4B-00C04F79EFBC}") = "Tyuiu.LevakovaAA.Sprint3.Task2.V25.Lib", "Tyuiu.LevakovaAA.Sprint3.Task2.V25.Lib\Tyuiu.LevakovaAA.Sprint3.Task2.V25.Lib.csproj", "{7EB0153C-BF5C-4334-A3C3-C4D1C2C42758}"
EndProject
Project("{2150E333-8FDC-42A3-9474-1A3956D46DE8}") = "Task3", "Task3", "{7B3F162F-8F95-4E20-BDDE-EFD646A9DE4B}"
EndProject
Project("{FAE04EC0-301F-11D3-BF4B-00C04F79EFBC}") = "Tyuiu.LevakovaAA.Sprint3.Task3.V30", "Tyuiu.LevakovaAA.Sprint3.Task3.V30\Tyuiu.LevakovaAA.Sprint3.Task3.V30.csproj", "{1434BD15-0006-411E-B001-5C26C6AE77C6}"
EndProject
Project("{FAE04EC0-301F-11D3-BF4B-00C04F79EFBC}") = "Tyuiu.LevakovaAA.Sprint3.Task3.V30.Lib", "Tyuiu.LevakovaAA.Sprint3.Task3.V30.Lib\Tyuiu.LevakovaAA.Sprint3.Task3.V30.Lib.csproj", "{F9D07A3B-68E8-4B4F-8321-EDDEF521D7F8}"
EndProject
Project("{FAE04EC0-301F-11D3-BF4B-00C04F79EFBC}") = "Tyuiu.LevakovaAA.Sprint3.Task3.V30.Test", "Tyuiu.LevakovaAA.Sprint3.Task3.V30.Test\Tyuiu.LevakovaAA.Sprint3.Task3.V30.Test.csproj", "{218C8B00-A881-4C87-A048-183EF7DDF517}"
EndProject
Project("{2150E333-8FDC-42A3-9474-1A3956D46DE8}") = "Task4", "Task4", "{187C49D6-E103-48E9-A5FF-3AF9B9CB3BE7}"
EndProject
Project("{FAE04EC0-301F-11D3-BF4B-00C04F79EFBC}") = "Tyuiu.LevakovaAA.Sprint3.Task4.V14", "Tyuiu.LevakovaAA.Sprint3.Task4.V14\Tyuiu.LevakovaAA.Sprint3.Task4.V14.csproj", "{4726C582-0DA1-4CD1-BA73-C490801A2D2D}"
EndProject
Project("{FAE04EC0-301F-11D3-BF4B-00C04F79EFBC}") = "Tyuiu.LevakovaAA.Sprint3.Task4.V14.Test", "Tyuiu.LevakovaAA.Sprint3.Task4.V14.Test\Tyuiu.LevakovaAA.Sprint3.Task4.V14.Test.csproj", "{83C20D3D-E897-4B9E-9550-8AB450AF6AB2}"
EndProject
Project("{FAE04EC0-301F-11D3-BF4B-00C04F79EFBC}") = "Tyuiu.LevakovaAA.Sprint3.Task4.V14.Lib", "Tyuiu.LevakovaAA.Sprint3.Task4.V14.Lib\Tyuiu.LevakovaAA.Sprint3.Task4.V14.Lib.csproj", "{82F99DC1-3E70-499A-A7CC-460867D0E62F}"
EndProject
Project("{2150E333-8FDC-42A3-9474-1A3956D46DE8}") = "Task5", "Task5", "{710B14F2-92F6-44C7-A2E1-92D973F0D5F5}"
EndProject
Project("{FAE04EC0-301F-11D3-BF4B-00C04F79EFBC}") = "Tyuiu.LevakovaAA.Sprint3.Task5.V27", "Tyuiu.LevakovaAA.Sprint3.Task5.V27\Tyuiu.LevakovaAA.Sprint3.Task5.V27.csproj", "{9113FEAF-097F-4E58-85AB-68CE0440E016}"
EndProject
Project("{FAE04EC0-301F-11D3-BF4B-00C04F79EFBC}") = "Tyuiu.LevakovaAA.Sprint3.Task5.V27.Lib", "Tyuiu.LevakovaAA.Sprint3.Task5.V27.Lib\Tyuiu.LevakovaAA.Sprint3.Task5.V27.Lib.csproj", "{292EA6D1-13F7-4132-919D-C4252BB64D56}"
EndProject
Project("{FAE04EC0-301F-11D3-BF4B-00C04F79EFBC}") = "Tyuiu.LevakovaAA.Sprint3.Task5.V27.Test", "Tyuiu.LevakovaAA.Sprint3.Task5.V27.Test\Tyuiu.LevakovaAA.Sprint3.Task5.V27.Test.csproj", "{63A752CE-907B-4E45-AFC6-B13ED908CEA9}"
EndProject
Project("{2150E333-8FDC-42A3-9474-1A3956D46DE8}") = "Task6", "Task6", "{13BAF98F-644F-4D6B-BCC4-4F3D22BAE001}"
EndProject
Project("{FAE04EC0-301F-11D3-BF4B-00C04F79EFBC}") = "Tyuiu.LevakovaAA.Sprint3.Task6.V20", "Tyuiu.LevakovaAA.Sprint3.Task6.V20\Tyuiu.LevakovaAA.Sprint3.Task6.V20.csproj", "{02E8C440-E920-4383-9FDF-539BD29E58BC}"
EndProject
Project("{FAE04EC0-301F-11D3-BF4B-00C04F79EFBC}") = "Tyuiu.LevakovaAA.Sprint3.Task6.V20.Test", "Tyuiu.LevakovaAA.Sprint3.Task6.V20.Test\Tyuiu.LevakovaAA.Sprint3.Task6.V20.Test.csproj", "{22FAA8CA-5DBA-4196-B859-A75D51C23F3B}"
EndProject
Project("{FAE04EC0-301F-11D3-BF4B-00C04F79EFBC}") = "Tyuiu.LevakovaAA.Sprint3.Task6.V20.Lib", "Tyuiu.LevakovaAA.Sprint3.Task6.V20.Lib\Tyuiu.LevakovaAA.Sprint3.Task6.V20.Lib.csproj", "{C3313FFF-0E9F-4512-89F9-6715CEA11DE1}"
EndProject
Global
	GlobalSection(SolutionConfigurationPlatforms) = preSolution
		Debug|Any CPU = Debug|Any CPU
		Release|Any CPU = Release|Any CPU
	EndGlobalSection
	GlobalSection(ProjectConfigurationPlatforms) = postSolution
		{5F646186-413B-47CA-BA8E-C8AF0574A9F7}.Debug|Any CPU.ActiveCfg = Debug|Any CPU
		{5F646186-413B-47CA-BA8E-C8AF0574A9F7}.Debug|Any CPU.Build.0 = Debug|Any CPU
		{5F646186-413B-47CA-BA8E-C8AF0574A9F7}.Release|Any CPU.ActiveCfg = Release|Any CPU
		{5F646186-413B-47CA-BA8E-C8AF0574A9F7}.Release|Any CPU.Build.0 = Release|Any CPU
		{8444A767-3903-4BF3-8A74-9F1E3EAEF79F}.Debug|Any CPU.ActiveCfg = Debug|Any CPU
		{8444A767-3903-4BF3-8A74-9F1E3EAEF79F}.Debug|Any CPU.Build.0 = Debug|Any CPU
		{8444A767-3903-4BF3-8A74-9F1E3EAEF79F}.Release|Any CPU.ActiveCfg = Release|Any CPU
		{8444A767-3903-4BF3-8A74-9F1E3EAEF79F}.Release|Any CPU.Build.0 = Release|Any CPU
		{8900FE4B-359D-4068-99AB-ACED0C2C9D19}.Debug|Any CPU.ActiveCfg = Debug|Any CPU
		{8900FE4B-359D-4068-99AB-ACED0C2C9D19}.Debug|Any CPU.Build.0 = Debug|Any CPU
		{8900FE4B-359D-4068-99AB-ACED0C2C9D19}.Release|Any CPU.ActiveCfg = Release|Any CPU
		{8900FE4B-359D-4068-99AB-ACED0C2C9D19}.Release|Any CPU.Build.0 = Release|Any CPU
		{1F53DF4B-428B-4755-B98C-2D5E1D4F36F6}.Debug|Any CPU.ActiveCfg = Debug|Any CPU
		{1F53DF4B-428B-4755-B98C-2D5E1D4F36F6}.Debug|Any CPU.Build.0 = Debug|Any CPU
		{1F53DF4B-428B-4755-B98C-2D5E1D4F36F6}.Release|Any CPU.ActiveCfg = Release|Any CPU
		{1F53DF4B-428B-4755-B98C-2D5E1D4F36F6}.Release|Any CPU.Build.0 = Release|Any CPU
		{F2044826-ADA9-49ED-BC79-676A034508C3}.Debug|Any CPU.ActiveCfg = Debug|Any CPU
		{F2044826-ADA9-49ED-BC79-676A034508C3}.Debug|Any CPU.Build.0 = Debug|Any CPU
		{F2044826-ADA9-49ED-BC79-676A034508C3}.Release|Any CPU.ActiveCfg = Release|Any CPU
		{F2044826-ADA9-49ED-BC79-676A034508C3}.Release|Any CPU.Build.0 = Release|Any CPU
		{2F621061-0C1C-4D33-B5FF-C66DF200CE93}.Debug|Any CPU.ActiveCfg = Debug|Any CPU
		{2F621061-0C1C-4D33-B5FF-C66DF200CE93}.Debug|Any CPU.Build.0 = Debug|Any CPU
		{2F621061-0C1C-4D33-B5FF-C66DF200CE93}.Release|Any CPU.ActiveCfg = Release|Any CPU
		{2F621061-0C1C-4D33-B5FF-C66DF200CE93}.Release|Any CPU.Build.0 = Release|Any CPU
		{7AD2D20F-4278-4ACC-BF75-81DD30DA7606}.Debug|Any CPU.ActiveCfg = Debug|Any CPU
		{7AD2D20F-4278-4ACC-BF75-81DD30DA7606}.Debug|Any CPU.Build.0 = Debug|Any CPU
		{7AD2D20F-4278-4ACC-BF75-81DD30DA7606}.Release|Any CPU.ActiveCfg = Release|Any CPU
		{7AD2D20F-4278-4ACC-BF75-81DD30DA7606}.Release|Any CPU.Build.0 = Release|Any CPU
		{246B9DDF-98B5-4BF6-9770-20CE52E7493B}.Debug|Any CPU.ActiveCfg = Debug|Any CPU
		{246B9DDF-98B5-4BF6-9770-20CE52E7493B}.Debug|Any CPU.Build.0 = Debug|Any CPU
		{246B9DDF-98B5-4BF6-9770-20CE52E7493B}.Release|Any CPU.ActiveCfg = Release|Any CPU
		{246B9DDF-98B5-4BF6-9770-20CE52E7493B}.Release|Any CPU.Build.0 = Release|Any CPU
		{7EB0153C-BF5C-4334-A3C3-C4D1C2C42758}.Debug|Any CPU.ActiveCfg = Debug|Any CPU
		{7EB0153C-BF5C-4334-A3C3-C4D1C2C42758}.Debug|Any CPU.Build.0 = Debug|Any CPU
		{7EB0153C-BF5C-4334-A3C3-C4D1C2C42758}.Release|Any CPU.ActiveCfg = Release|Any CPU
		{7EB0153C-BF5C-4334-A3C3-C4D1C2C42758}.Release|Any CPU.Build.0 = Release|Any CPU
		{1434BD15-0006-411E-B001-5C26C6AE77C6}.Debug|Any CPU.ActiveCfg = Debug|Any CPU
		{1434BD15-0006-411E-B001-5C26C6AE77C6}.Debug|Any CPU.Build.0 = Debug|Any CPU
		{1434BD15-0006-411E-B001-5C26C6AE77C6}.Release|Any CPU.ActiveCfg = Release|Any CPU
		{1434BD15-0006-411E-B001-5C26C6AE77C6}.Release|Any CPU.Build.0 = Release|Any CPU
		{F9D07A3B-68E8-4B4F-8321-EDDEF521D7F8}.Debug|Any CPU.ActiveCfg = Debug|Any CPU
		{F9D07A3B-68E8-4B4F-8321-EDDEF521D7F8}.Debug|Any CPU.Build.0 = Debug|Any CPU
		{F9D07A3B-68E8-4B4F-8321-EDDEF521D7F8}.Release|Any CPU.ActiveCfg = Release|Any CPU
		{F9D07A3B-68E8-4B4F-8321-EDDEF521D7F8}.Release|Any CPU.Build.0 = Release|Any CPU
		{218C8B00-A881-4C87-A048-183EF7DDF517}.Debug|Any CPU.ActiveCfg = Debug|Any CPU
		{218C8B00-A881-4C87-A048-183EF7DDF517}.Debug|Any CPU.Build.0 = Debug|Any CPU
		{218C8B00-A881-4C87-A048-183EF7DDF517}.Release|Any CPU.ActiveCfg = Release|Any CPU
		{218C8B00-A881-4C87-A048-183EF7DDF517}.Release|Any CPU.Build.0 = Release|Any CPU
		{4726C582-0DA1-4CD1-BA73-C490801A2D2D}.Debug|Any CPU.ActiveCfg = Debug|Any CPU
		{4726C582-0DA1-4CD1-BA73-C490801A2D2D}.Debug|Any CPU.Build.0 = Debug|Any CPU
		{4726C582-0DA1-4CD1-BA73-C490801A2D2D}.Release|Any CPU.ActiveCfg = Release|Any CPU
		{4726C582-0DA1-4CD1-BA73-C490801A2D2D}.Release|Any CPU.Build.0 = Release|Any CPU
		{83C20D3D-E897-4B9E-9550-8AB450AF6AB2}.Debug|Any CPU.ActiveCfg = Debug|Any CPU
		{83C20D3D-E897-4B9E-9550-8AB450AF6AB2}.Debug|Any CPU.Build.0 = Debug|Any CPU
		{83C20D3D-E897-4B9E-9550-8AB450AF6AB2}.Release|Any CPU.ActiveCfg = Release|Any CPU
		{83C20D3D-E897-4B9E-9550-8AB450AF6AB2}.Release|Any CPU.Build.0 = Release|Any CPU
		{82F99DC1-3E70-499A-A7CC-460867D0E62F}.Debug|Any CPU.ActiveCfg = Debug|Any CPU
		{82F99DC1-3E70-499A-A7CC-460867D0E62F}.Debug|Any CPU.Build.0 = Debug|Any CPU
		{82F99DC1-3E70-499A-A7CC-460867D0E62F}.Release|Any CPU.ActiveCfg = Release|Any CPU
		{82F99DC1-3E70-499A-A7CC-460867D0E62F}.Release|Any CPU.Build.0 = Release|Any CPU
		{9113FEAF-097F-4E58-85AB-68CE0440E016}.Debug|Any CPU.ActiveCfg = Debug|Any CPU
		{9113FEAF-097F-4E58-85AB-68CE0440E016}.Debug|Any CPU.Build.0 = Debug|Any CPU
		{9113FEAF-097F-4E58-85AB-68CE0440E016}.Release|Any CPU.ActiveCfg = Release|Any CPU
		{9113FEAF-097F-4E58-85AB-68CE0440E016}.Release|Any CPU.Build.0 = Release|Any CPU
		{292EA6D1-13F7-4132-919D-C4252BB64D56}.Debug|Any CPU.ActiveCfg = Debug|Any CPU
		{292EA6D1-13F7-4132-919D-C4252BB64D56}.Debug|Any CPU.Build.0 = Debug|Any CPU
		{292EA6D1-13F7-4132-919D-C4252BB64D56}.Release|Any CPU.ActiveCfg = Release|Any CPU
		{292EA6D1-13F7-4132-919D-C4252BB64D56}.Release|Any CPU.Build.0 = Release|Any CPU
		{63A752CE-907B-4E45-AFC6-B13ED908CEA9}.Debug|Any CPU.ActiveCfg = Debug|Any CPU
		{63A752CE-907B-4E45-AFC6-B13ED908CEA9}.Debug|Any CPU.Build.0 = Debug|Any CPU
		{63A752CE-907B-4E45-AFC6-B13ED908CEA9}.Release|Any CPU.ActiveCfg = Release|Any CPU
		{63A752CE-907B-4E45-AFC6-B13ED908CEA9}.Release|Any CPU.Build.0 = Release|Any CPU
		{02E8C440-E920-4383-9FDF-539BD29E58BC}.Debug|Any CPU.ActiveCfg = Debug|Any CPU
		{02E8C440-E920-4383-9FDF-539BD29E58BC}.Debug|Any CPU.Build.0 = Debug|Any CPU
		{02E8C440-E920-4383-9FDF-539BD29E58BC}.Release|Any CPU.ActiveCfg = Release|Any CPU
		{02E8C440-E920-4383-9FDF-539BD29E58BC}.Release|Any CPU.Build.0 = Release|Any CPU
		{22FAA8CA-5DBA-4196-B859-A75D51C23F3B}.Debug|Any CPU.ActiveCfg = Debug|Any CPU
		{22FAA8CA-5DBA-4196-B859-A75D51C23F3B}.Debug|Any CPU.Build.0 = Debug|Any CPU
		{22FAA8CA-5DBA-4196-B859-A75D51C23F3B}.Release|Any CPU.ActiveCfg = Release|Any CPU
		{22FAA8CA-5DBA-4196-B859-A75D51C23F3B}.Release|Any CPU.Build.0 = Release|Any CPU
		{C3313FFF-0E9F-4512-89F9-6715CEA11DE1}.Debug|Any CPU.ActiveCfg = Debug|Any CPU
		{C3313FFF-0E9F-4512-89F9-6715CEA11DE1}.Debug|Any CPU.Build.0 = Debug|Any CPU
		{C3313FFF-0E9F-4512-89F9-6715CEA11DE1}.Release|Any CPU.ActiveCfg = Release|Any CPU
		{C3313FFF-0E9F-4512-89F9-6715CEA11DE1}.Release|Any CPU.Build.0 = Release|Any CPU
	EndGlobalSection
	GlobalSection(SolutionProperties) = preSolution
		HideSolutionNode = FALSE
	EndGlobalSection
	GlobalSection(NestedProjects) = preSolution
		{5F646186-413B-47CA-BA8E-C8AF0574A9F7} = {02EA681E-C7D8-13C7-8484-4AC65E1B71E8}
		{8444A767-3903-4BF3-8A74-9F1E3EAEF79F} = {02EA681E-C7D8-13C7-8484-4AC65E1B71E8}
		{8900FE4B-359D-4068-99AB-ACED0C2C9D19} = {02EA681E-C7D8-13C7-8484-4AC65E1B71E8}
		{1F53DF4B-428B-4755-B98C-2D5E1D4F36F6} = {DD0695BE-8BC5-4DBD-BB2E-5D821FC3C062}
		{F2044826-ADA9-49ED-BC79-676A034508C3} = {DD0695BE-8BC5-4DBD-BB2E-5D821FC3C062}
		{2F621061-0C1C-4D33-B5FF-C66DF200CE93} = {DD0695BE-8BC5-4DBD-BB2E-5D821FC3C062}
		{7AD2D20F-4278-4ACC-BF75-81DD30DA7606} = {89833042-6611-4800-9869-30831AC72CC4}
		{246B9DDF-98B5-4BF6-9770-20CE52E7493B} = {89833042-6611-4800-9869-30831AC72CC4}
		{7EB0153C-BF5C-4334-A3C3-C4D1C2C42758} = {89833042-6611-4800-9869-30831AC72CC4}
		{1434BD15-0006-411E-B001-5C26C6AE77C6} = {7B3F162F-8F95-4E20-BDDE-EFD646A9DE4B}
		{F9D07A3B-68E8-4B4F-8321-EDDEF521D7F8} = {7B3F162F-8F95-4E20-BDDE-EFD646A9DE4B}
		{218C8B00-A881-4C87-A048-183EF7DDF517} = {7B3F162F-8F95-4E20-BDDE-EFD646A9DE4B}
		{4726C582-0DA1-4CD1-BA73-C490801A2D2D} = {187C49D6-E103-48E9-A5FF-3AF9B9CB3BE7}
		{83C20D3D-E897-4B9E-9550-8AB450AF6AB2} = {187C49D6-E103-48E9-A5FF-3AF9B9CB3BE7}
		{82F99DC1-3E70-499A-A7CC-460867D0E62F} = {187C49D6-E103-48E9-A5FF-3AF9B9CB3BE7}
		{9113FEAF-097F-4E58-85AB-68CE0440E016} = {710B14F2-92F6-44C7-A2E1-92D973F0D5F5}
		{292EA6D1-13F7-4132-919D-C4252BB64D56} = {710B14F2-92F6-44C7-A2E1-92D973F0D5F5}
		{63A752CE-907B-4E45-AFC6-B13ED908CEA9} = {710B14F2-92F6-44C7-A2E1-92D973F0D5F5}
		{02E8C440-E920-4383-9FDF-539BD29E58BC} = {13BAF98F-644F-4D6B-BCC4-4F3D22BAE001}
		{22FAA8CA-5DBA-4196-B859-A75D51C23F3B} = {13BAF98F-644F-4D6B-BCC4-4F3D22BAE001}
		{C3313FFF-0E9F-4512-89F9-6715CEA11DE1} = {13BAF98F-644F-4D6B-BCC4-4F3D22BAE001}
	EndGlobalSection
	GlobalSection(ExtensibilityGlobals) = postSolution
		SolutionGuid = {CBC75846-80FC-42D4-A2BC-84B0878E193F}
	EndGlobalSection
EndGlobal
