
Microsoft Visual Studio Solution File, Format Version 12.00
# Visual Studio Version 17
VisualStudioVersion = 17.14.36414.22
MinimumVisualStudioVersion = 10.0.40219.1
Project("{2150E333-8FDC-42A3-9474-1A3956D46DE8}") = "Task0", "Task0", "{02EA681E-C7D8-13C7-8484-4AC65E1B71E8}"
EndProject
Project("{FAE04EC0-301F-11D3-BF4B-00C04F79EFBC}") = "Tyuiu.LevakovaAA.Sprint3.Task0.V5", "Tyuiu.LevakovaAA.Sprint3.Task0.V5\Tyuiu.LevakovaAA.Sprint3.Task0.V5.csproj", "{5F646186-413B-47CA-BA8E-C8AF0574A9F7}"
EndProject
Project("{FAE04EC0-301F-11D3-BF4B-00C04F79EFBC}") = "Tyuiu.LevakovaAA.Sprint3.Task0.V5.Test", "Tyuiu.LevakovaAA.Sprint3.Task0.V5.Test\Tyuiu.LevakovaAA.Sprint3.Task0.V5.Test.csproj", "{8444A767-3903-4BF3-8A74-9F1E3EAEF79F}"
EndProject
Project("{FAE04EC0-301F-11D3-BF4B-00C04F79EFBC}") = "Tyuiu.LevakovaAA.Sprint3.Task0.V5.Lib", "Tyuiu.LevakovaAA.Sprint3.Task0.V5.Lib\Tyuiu.LevakovaAA.Sprint3.Task0.V5.Lib.csproj", "{8900FE4B-359D-4068-99AB-ACED0C2C9D19}"
EndProject
Project("{2150E333-8FDC-42A3-9474-1A3956D46DE8}") = "Task1", "Task1", "{DD0695BE-8BC5-4DBD-BB2E-5D821FC3C062}"
EndProject
Project("{FAE04EC0-301F-11D3-BF4B-00C04F79EFBC}") = "Tyuiu.LevakovaAA.Sprint3.Task1.V15", "Tyuiu.LevakovaAA.Sprint3.Task1.V15\Tyuiu.LevakovaAA.Sprint3.Task1.V15.csproj", "{1F53DF4B-428B-4755-B98C-2D5E1D4F36F6}"
EndProject
Project("{FAE04EC0-301F-11D3-BF4B-00C04F79EFBC}") = "Tyuiu.LevakovaAA.Sprint3.Task1.V15.Lib", "Tyuiu.LevakovaAA.Sprint3.Task1.V15.Lib\Tyuiu.LevakovaAA.Sprint3.Task1.V15.Lib.csproj", "{F2044826-ADA9-49ED-BC79-676A034508C3}"
EndProject
Project("{FAE04EC0-301F-11D3-BF4B-00C04F79EFBC}") = "Tyuiu.LevakovaAA.Sprint3.Task1.V15.Test", "Tyuiu.LevakovaAA.Sprint3.Task1.V15.Test\Tyuiu.LevakovaAA.Sprint3.Task1.V15.Test.csproj", "{2F621061-0C1C-4D33-B5FF-C66DF200CE93}"
EndProject
Project("{2150E333-8FDC-42A3-9474-1A3956D46DE8}") = "Task2", "Task2", "{89833042-6611-4800-9869-30831AC72CC4}"
EndProject
Project("{FAE04EC0-301F-11D3-BF4B-00C04F79EFBC}") = "Tyuiu.LevakovaAA.Sprint3.Task2.V25", "Tyuiu.LevakovaAA.Sprint3.Task2.V25\Tyuiu.LevakovaAA.Sprint3.Task2.V25.csproj", "{7AD2D20F-4278-4ACC-BF75-81DD30DA7606}"
EndProject
Project("{FAE04EC0-301F-11D3-BF4B-00C04F79EFBC}") = "Tyuiu.LevakovaAA.Sprint3.Task2.V25.Test", "Tyuiu.LevakovaAA.Sprint3.Task2.V25.Test\Tyuiu.LevakovaAA.Sprint3.Task2.V25.Test.csproj", "{246B9DDF-98B5-4BF6-9770-20CE52E7493B}"
EndProject
Project("{FAE04EC0-301F-11D3-BF4B-00C04F79EFBC}") = "Tyuiu.LevakovaAA.Sprint3.Task2.V25.Lib", "Tyuiu.LevakovaAA.Sprint3.Task2.V25.Lib\Tyuiu.LevakovaAA.Sprint3.Task2.V25.Lib.csproj", "{7EB0153C-BF5C-4334-A3C3-C4D1C2C42758}"
EndProject
Global
	GlobalSection(SolutionConfigurationPlatforms) = preSolution
		Debug|Any CPU = Debug|Any CPU
		Release|Any CPU = Release|Any CPU
	EndGlobalSection
	GlobalSection(ProjectConfigurationPlatforms) = postSolution
		{5F646186-413B-47CA-BA8E-C8AF0574A9F7}.Debug|Any CPU.ActiveCfg = Debug|Any CPU
		{5F646186-413B-47CA-BA8E-C8AF0574A9F7}.Debug|Any CPU.Build.0 = Debug|Any CPU
		{5F646186-413B-47CA-BA8E-C8AF0574A9F7}.Release|Any CPU.ActiveCfg = Release|Any CPU
		{5F646186-413B-47CA-BA8E-C8AF0574A9F7}.Release|Any CPU.Build.0 = Release|Any CPU
		{8444A767-3903-4BF3-8A74-9F1E3EAEF79F}.Debug|Any CPU.ActiveCfg = Debug|Any CPU
		{8444A767-3903-4BF3-8A74-9F1E3EAEF79F}.Debug|Any CPU.Build.0 = Debug|Any CPU
		{8444A767-3903-4BF3-8A74-9F1E3EAEF79F}.Release|Any CPU.ActiveCfg = Release|Any CPU
		{8444A767-3903-4BF3-8A74-9F1E3EAEF79F}.Release|Any CPU.Build.0 = Release|Any CPU
		{8900FE4B-359D-4068-99AB-ACED0C2C9D19}.Debug|Any CPU.ActiveCfg = Debug|Any CPU
		{8900FE4B-359D-4068-99AB-ACED0C2C9D19}.Debug|Any CPU.Build.0 = Debug|Any CPU
		{8900FE4B-359D-4068-99AB-ACED0C2C9D19}.Release|Any CPU.ActiveCfg = Release|Any CPU
		{8900FE4B-359D-4068-99AB-ACED0C2C9D19}.Release|Any CPU.Build.0 = Release|Any CPU
		{1F53DF4B-428B-4755-B98C-2D5E1D4F36F6}.Debug|Any CPU.ActiveCfg = Debug|Any CPU
		{1F53DF4B-428B-4755-B98C-2D5E1D4F36F6}.Debug|Any CPU.Build.0 = Debug|Any CPU
		{1F53DF4B-428B-4755-B98C-2D5E1D4F36F6}.Release|Any CPU.ActiveCfg = Release|Any CPU
		{1F53DF4B-428B-4755-B98C-2D5E1D4F36F6}.Release|Any CPU.Build.0 = Release|Any CPU
		{F2044826-ADA9-49ED-BC79-676A034508C3}.Debug|Any CPU.ActiveCfg = Debug|Any CPU
		{F2044826-ADA9-49ED-BC79-676A034508C3}.Debug|Any CPU.Build.0 = Debug|Any CPU
		{F2044826-ADA9-49ED-BC79-676A034508C3}.Release|Any CPU.ActiveCfg = Release|Any CPU
		{F2044826-ADA9-49ED-BC79-676A034508C3}.Release|Any CPU.Build.0 = Release|Any CPU
		{2F621061-0C1C-4D33-B5FF-C66DF200CE93}.Debug|Any CPU.ActiveCfg = Debug|Any CPU
		{2F621061-0C1C-4D33-B5FF-C66DF200CE93}.Debug|Any CPU.Build.0 = Debug|Any CPU
		{2F621061-0C1C-4D33-B5FF-C66DF200CE93}.Release|Any CPU.ActiveCfg = Release|Any CPU
		{2F621061-0C1C-4D33-B5FF-C66DF200CE93}.Release|Any CPU.Build.0 = Release|Any CPU
		{7AD2D20F-4278-4ACC-BF75-81DD30DA7606}.Debug|Any CPU.ActiveCfg = Debug|Any CPU
		{7AD2D20F-4278-4ACC-BF75-81DD30DA7606}.Debug|Any CPU.Build.0 = Debug|Any CPU
		{7AD2D20F-4278-4ACC-BF75-81DD30DA7606}.Release|Any CPU.ActiveCfg = Release|Any CPU
		{7AD2D20F-4278-4ACC-BF75-81DD30DA7606}.Release|Any CPU.Build.0 = Release|Any CPU
		{246B9DDF-98B5-4BF6-9770-20CE52E7493B}.Debug|Any CPU.ActiveCfg = Debug|Any CPU
		{246B9DDF-98B5-4BF6-9770-20CE52E7493B}.Debug|Any CPU.Build.0 = Debug|Any CPU
		{246B9DDF-98B5-4BF6-9770-20CE52E7493B}.Release|Any CPU.ActiveCfg = Release|Any CPU
		{246B9DDF-98B5-4BF6-9770-20CE52E7493B}.Release|Any CPU.Build.0 = Release|Any CPU
		{7EB0153C-BF5C-4334-A3C3-C4D1C2C42758}.Debug|Any CPU.ActiveCfg = Debug|Any CPU
		{7EB0153C-BF5C-4334-A3C3-C4D1C2C42758}.Debug|Any CPU.Build.0 = Debug|Any CPU
		{7EB0153C-BF5C-4334-A3C3-C4D1C2C42758}.Release|Any CPU.ActiveCfg = Release|Any CPU
		{7EB0153C-BF5C-4334-A3C3-C4D1C2C42758}.Release|Any CPU.Build.0 = Release|Any CPU
	EndGlobalSection
	GlobalSection(SolutionProperties) = preSolution
		HideSolutionNode = FALSE
	EndGlobalSection
	GlobalSection(NestedProjects) = preSolution
		{5F646186-413B-47CA-BA8E-C8AF0574A9F7} = {02EA681E-C7D8-13C7-8484-4AC65E1B71E8}
		{8444A767-3903-4BF3-8A74-9F1E3EAEF79F} = {02EA681E-C7D8-13C7-8484-4AC65E1B71E8}
		{8900FE4B-359D-4068-99AB-ACED0C2C9D19} = {02EA681E-C7D8-13C7-8484-4AC65E1B71E8}
		{1F53DF4B-428B-4755-B98C-2D5E1D4F36F6} = {DD0695BE-8BC5-4DBD-BB2E-5D821FC3C062}
		{F2044826-ADA9-49ED-BC79-676A034508C3} = {DD0695BE-8BC5-4DBD-BB2E-5D821FC3C062}
		{2F621061-0C1C-4D33-B5FF-C66DF200CE93} = {DD0695BE-8BC5-4DBD-BB2E-5D821FC3C062}
		{7AD2D20F-4278-4ACC-BF75-81DD30DA7606} = {89833042-6611-4800-9869-30831AC72CC4}
		{246B9DDF-98B5-4BF6-9770-20CE52E7493B} = {89833042-6611-4800-9869-30831AC72CC4}
		{7EB0153C-BF5C-4334-A3C3-C4D1C2C42758} = {89833042-6611-4800-9869-30831AC72CC4}
	EndGlobalSection
	GlobalSection(ExtensibilityGlobals) = postSolution
		SolutionGuid = {CBC75846-80FC-42D4-A2BC-84B0878E193F}
	EndGlobalSection
EndGlobal
